
Microsoft Visual Studio Solution File, Format Version 12.00
# Visual Studio Version 16
VisualStudioVersion = 16.0.30320.27
MinimumVisualStudioVersion = 10.0.40219.1
Project("{2150E333-8FDC-42A3-9474-1A3956D46DE8}") = "src", "src", "{5AE6D3FB-28EE-453B-AD41-876621A9337C}"
EndProject
Project("{2150E333-8FDC-42A3-9474-1A3956D46DE8}") = "docs", "docs", "{2CD025C5-D594-482E-A14F-8270F38DC29F}"
EndProject
Project("{2150E333-8FDC-42A3-9474-1A3956D46DE8}") = "tests", "tests", "{ABAEC1F9-2BBE-4A5A-8600-C8B26E538507}"
EndProject
Project("{9A19103F-16F7-4668-BE54-9A1E7A4F7556}") = "ManagedAccountsWeb", "src\TeamSite\ManagedAccountsWeb.csproj", "{1B584503-A229-4211-BB48-E0026F469DCC}"
EndProject
Project("{2150E333-8FDC-42A3-9474-1A3956D46DE8}") = "DataSource", "DataSource", "{158D1A94-A2C0-47C4-95A1-00D5C9A234D9}"
EndProject
Project("{FAE04EC0-301F-11D3-BF4B-00C04F79EFBC}") = "ManagedAccountsApi", "src\ManagedAccountsApi\ManagedAccountsApi.csproj", "{6BACDA1C-14B5-4298-B708-46053A1FAD84}"
EndProject
Project("{FAE04EC0-301F-11D3-BF4B-00C04F79EFBC}") = "ManagedAccountClassLibrary", "src\ManagedAccountClassLibrary\ManagedAccountClassLibrary.csproj", "{08B02D04-309E-459A-A898-72A1AF9DE8F7}"
EndProject
Global
	GlobalSection(SolutionConfigurationPlatforms) = preSolution
		Debug|Any CPU = Debug|Any CPU
		Release|Any CPU = Release|Any CPU
	EndGlobalSection
	GlobalSection(ProjectConfigurationPlatforms) = postSolution
		{1B584503-A229-4211-BB48-E0026F469DCC}.Debug|Any CPU.ActiveCfg = Debug|Any CPU
		{1B584503-A229-4211-BB48-E0026F469DCC}.Debug|Any CPU.Build.0 = Debug|Any CPU
		{1B584503-A229-4211-BB48-E0026F469DCC}.Release|Any CPU.ActiveCfg = Release|Any CPU
		{1B584503-A229-4211-BB48-E0026F469DCC}.Release|Any CPU.Build.0 = Release|Any CPU
		{6BACDA1C-14B5-4298-B708-46053A1FAD84}.Debug|Any CPU.ActiveCfg = Debug|Any CPU
		{6BACDA1C-14B5-4298-B708-46053A1FAD84}.Debug|Any CPU.Build.0 = Debug|Any CPU
		{6BACDA1C-14B5-4298-B708-46053A1FAD84}.Release|Any CPU.ActiveCfg = Release|Any CPU
		{6BACDA1C-14B5-4298-B708-46053A1FAD84}.Release|Any CPU.Build.0 = Release|Any CPU
		{08B02D04-309E-459A-A898-72A1AF9DE8F7}.Debug|Any CPU.ActiveCfg = Debug|Any CPU
		{08B02D04-309E-459A-A898-72A1AF9DE8F7}.Debug|Any CPU.Build.0 = Debug|Any CPU
		{08B02D04-309E-459A-A898-72A1AF9DE8F7}.Release|Any CPU.ActiveCfg = Release|Any CPU
		{08B02D04-309E-459A-A898-72A1AF9DE8F7}.Release|Any CPU.Build.0 = Release|Any CPU
	EndGlobalSection
	GlobalSection(SolutionProperties) = preSolution
		HideSolutionNode = FALSE
	EndGlobalSection
	GlobalSection(NestedProjects) = preSolution
		{1B584503-A229-4211-BB48-E0026F469DCC} = {5AE6D3FB-28EE-453B-AD41-876621A9337C}
		{158D1A94-A2C0-47C4-95A1-00D5C9A234D9} = {5AE6D3FB-28EE-453B-AD41-876621A9337C}
		{6BACDA1C-14B5-4298-B708-46053A1FAD84} = {5AE6D3FB-28EE-453B-AD41-876621A9337C}
		{08B02D04-309E-459A-A898-72A1AF9DE8F7} = {5AE6D3FB-28EE-453B-AD41-876621A9337C}
	EndGlobalSection
	GlobalSection(ExtensibilityGlobals) = postSolution
		SolutionGuid = {3C352BE8-8CBF-43C6-A4A5-3A4BD2013D58}
	EndGlobalSection
EndGlobal
